
Microsoft Visual Studio Solution File, Format Version 12.00
# Visual Studio Version 17
VisualStudioVersion = 17.11.35222.181
MinimumVisualStudioVersion = 10.0.40219.1
Project("{FAE04EC0-301F-11D3-BF4B-00C04F79EFBC}") = "HR_Application", "HR_Application\HR_Application.csproj", "{C122242A-EB60-45A8-841E-2E71EDE7CD9E}"
EndProject
Global
	GlobalSection(SolutionConfigurationPlatforms) = preSolution
		Debug|Any CPU = Debug|Any CPU
		Release|Any CPU = Release|Any CPU
	EndGlobalSection
	GlobalSection(ProjectConfigurationPlatforms) = postSolution
		{C122242A-EB60-45A8-841E-2E71EDE7CD9E}.Debug|Any CPU.ActiveCfg = Debug|Any CPU
		{C122242A-EB60-45A8-841E-2E71EDE7CD9E}.Debug|Any CPU.Build.0 = Debug|Any CPU
		{C122242A-EB60-45A8-841E-2E71EDE7CD9E}.Release|Any CPU.ActiveCfg = Release|Any CPU
		{C122242A-EB60-45A8-841E-2E71EDE7CD9E}.Release|Any CPU.Build.0 = Release|Any CPU
	EndGlobalSection
	GlobalSection(SolutionProperties) = preSolution
		HideSolutionNode = FALSE
	EndGlobalSection
	GlobalSection(ExtensibilityGlobals) = postSolution
		SolutionGuid = {4ACA13B1-7D67-4899-81F9-4C3F4BACCDED}
	EndGlobalSection
EndGlobal
